{
  "name": "miniprogram",
  "lockfileVersion": 3,
  "requires": true,
  "packages": {
    "": {
      "dependencies": {
        "@qiun/ucharts": "^2.5.0-20230101",
        "@vant/weapp": "^1.11.7"
      }
    },
    "node_modules/@qiun/ucharts": {
      "version": "2.5.0-20230101",
      "resolved": "https://registry.npmjs.org/@qiun/ucharts/-/ucharts-2.5.0-20230101.tgz",
      "integrity": "sha512-C7ccBgfPuGF6dxTRuMW0NPPMSCf1k/kh3I9zkRVBc5PaivudX/rPL+jd2Wty6gn5ya5L3Ob+YmYe09V5xw66Cw==",
      "license": "Apache"
    },
    "node_modules/@vant/weapp": {
      "version": "1.11.7",
      "resolved": "https://registry.npmjs.org/@vant/weapp/-/weapp-1.11.7.tgz",
      "integrity": "sha512-Rwn9BBnb4kHSV4XmvBicwtd42J+amEUfnFDcXJsGNPNX4a9c/DoT6YLsm4X1wB2+sQbdiQsbFBLAvGRBxCkD8g==",
      "license": "MIT"
    }
  }
}
